
Microsoft Visual Studio Solution File, Format Version 12.00
# Visual Studio Version 16
VisualStudioVersion = 16.0.31702.278
MinimumVisualStudioVersion = 10.0.40219.1
Project("{FAE04EC0-301F-11D3-BF4B-00C04F79EFBC}") = "DocumentAnalyzer", "DocumentAnalyzer.csproj", "{A98BAD7D-5E4F-4C4A-87F1-6135E72A64E5}"
EndProject
Project("{54435603-DBB4-11D2-8724-00A0C9A8B90C}") = "Document Analyzer", "..\Document Analyzer\Document Analyzer.vdproj", "{2BCE0C75-9E54-410E-9890-1FECB7547BE3}"
EndProject
Global
	GlobalSection(SolutionConfigurationPlatforms) = preSolution
		Debug|Any CPU = Debug|Any CPU
		Release|Any CPU = Release|Any CPU
	EndGlobalSection
	GlobalSection(ProjectConfigurationPlatforms) = postSolution
		{A98BAD7D-5E4F-4C4A-87F1-6135E72A64E5}.Debug|Any CPU.ActiveCfg = Debug|Any CPU
		{A98BAD7D-5E4F-4C4A-87F1-6135E72A64E5}.Debug|Any CPU.Build.0 = Debug|Any CPU
		{A98BAD7D-5E4F-4C4A-87F1-6135E72A64E5}.Release|Any CPU.ActiveCfg = Release|Any CPU
		{A98BAD7D-5E4F-4C4A-87F1-6135E72A64E5}.Release|Any CPU.Build.0 = Release|Any CPU
		{2BCE0C75-9E54-410E-9890-1FECB7547BE3}.Debug|Any CPU.ActiveCfg = Release
		{2BCE0C75-9E54-410E-9890-1FECB7547BE3}.Release|Any CPU.ActiveCfg = Release
	EndGlobalSection
	GlobalSection(SolutionProperties) = preSolution
		HideSolutionNode = FALSE
	EndGlobalSection
	GlobalSection(ExtensibilityGlobals) = postSolution
		SolutionGuid = {AD27451C-66D2-4DB9-A860-FB5BB84E2685}
	EndGlobalSection
EndGlobal
